// !$*UTF8*$!
{
	archiveVersion = 1;
	classes = {
	};
	objectVersion = 50;
	objects = {

/* Begin PBXBuildFile section */
		5C22B31B25A4C5C2003CC170 /* Pacman_InfinitySwiftUIApp.swift in Sources */ = {isa = PBXBuildFile; fileRef = 5C22B31A25A4C5C2003CC170 /* Pacman_InfinitySwiftUIApp.swift */; };
		5C22B31D25A4C5C2003CC170 /* ContentView.swift in Sources */ = {isa = PBXBuildFile; fileRef = 5C22B31C25A4C5C2003CC170 /* ContentView.swift */; };
		5C22B31F25A4C5C3003CC170 /* Assets.xcassets in Resources */ = {isa = PBXBuildFile; fileRef = 5C22B31E25A4C5C3003CC170 /* Assets.xcassets */; };
		5C22B32225A4C5C3003CC170 /* Preview Assets.xcassets in Resources */ = {isa = PBXBuildFile; fileRef = 5C22B32125A4C5C3003CC170 /* Preview Assets.xcassets */; };
		5C22B32B25A4C616003CC170 /* PacmanView.swift in Sources */ = {isa = PBXBuildFile; fileRef = 5C22B32A25A4C616003CC170 /* PacmanView.swift */; };
/* End PBXBuildFile section */

/* Begin PBXFileReference section */
		5C22B31725A4C5C2003CC170 /* Pacman-InfinitySwiftUI.app */ = {isa = PBXFileReference; explicitFileType = wrapper.application; includeInIndex = 0; path = "Pacman-InfinitySwiftUI.app"; sourceTree = BUILT_PRODUCTS_DIR; };
		5C22B31A25A4C5C2003CC170 /* Pacman_InfinitySwiftUIApp.swift */ = {isa = PBXFileReference; lastKnownFileType = sourcecode.swift; path = Pacman_InfinitySwiftUIApp.swift; sourceTree = "<group>"; };
		5C22B31C25A4C5C2003CC170 /* ContentView.swift */ = {isa = PBXFileReference; lastKnownFileType = sourcecode.swift; path = ContentView.swift; sourceTree = "<group>"; };
		5C22B31E25A4C5C3003CC170 /* Assets.xcassets */ = {isa = PBXFileReference; lastKnownFileType = folder.assetcatalog; path = Assets.xcassets; sourceTree = "<group>"; };
		5C22B32125A4C5C3003CC170 /* Preview Assets.xcassets */ = {isa = PBXFileReference; lastKnownFileType = folder.assetcatalog; path = "Preview Assets.xcassets"; sourceTree = "<group>"; };
		5C22B32325A4C5C3003CC170 /* Info.plist */ = {isa = PBXFileReference; lastKnownFileType = text.plist.xml; path = Info.plist; sourceTree = "<group>"; };
		5C22B32A25A4C616003CC170 /* PacmanView.swift */ = {isa = PBXFileReference; lastKnownFileType = sourcecode.swift; path = PacmanView.swift; sourceTree = "<group>"; };
/* End PBXFileReference section */

/* Begin PBXFrameworksBuildPhase section */
		5C22B31425A4C5C2003CC170 /* Frameworks */ = {
			isa = PBXFrameworksBuildPhase;
			buildActionMask = 2147483647;
			files = (
			);
			runOnlyForDeploymentPostprocessing = 0;
		};
/* End PBXFrameworksBuildPhase section */

/* Begin PBXGroup section */
		5C22B30E25A4C5C2003CC170 = {
			isa = PBXGroup;
			children = (
				5C22B31925A4C5C2003CC170 /* Pacman-InfinitySwiftUI */,
				5C22B31825A4C5C2003CC170 /* Products */,
			);
			sourceTree = "<group>";
		};
		5C22B31825A4C5C2003CC170 /* Products */ = {
			isa = PBXGroup;
			children = (
				5C22B31725A4C5C2003CC170 /* Pacman-InfinitySwiftUI.app */,
			);
			name = Products;
			sourceTree = "<group>";
		};
		5C22B31925A4C5C2003CC170 /* Pacman-InfinitySwiftUI */ = {
			isa = PBXGroup;
			children = (
				5C22B31A25A4C5C2003CC170 /* Pacman_InfinitySwiftUIApp.swift */,
				5C22B31C25A4C5C2003CC170 /* ContentView.swift */,
				5C22B32A25A4C616003CC170 /* PacmanView.swift */,
				5C22B31E25A4C5C3003CC170 /* Assets.xcassets */,
				5C22B32325A4C5C3003CC170 /* Info.plist */,
				5C22B32025A4C5C3003CC170 /* Preview Content */,
			);
			path = "Pacman-InfinitySwiftUI";
			sourceTree = "<group>";
		};
		5C22B32025A4C5C3003CC170 /* Preview Content */ = {
			isa = PBXGroup;
			children = (
				5C22B32125A4C5C3003CC170 /* Preview Assets.xcassets */,
			);
			path = "Preview Content";
			sourceTree = "<group>";
		};
/* End PBXGroup section */

/* Begin PBXNativeTarget section */
		5C22B31625A4C5C2003CC170 /* Pacman-InfinitySwiftUI */ = {
			isa = PBXNativeTarget;
			buildConfigurationList = 5C22B32625A4C5C3003CC170 /* Build configuration list for PBXNativeTarget "Pacman-InfinitySwiftUI" */;
			buildPhases = (
				5C22B31325A4C5C2003CC170 /* Sources */,
				5C22B31425A4C5C2003CC170 /* Frameworks */,
				5C22B31525A4C5C2003CC170 /* Resources */,
			);
			buildRules = (
			);
			dependencies = (
			);
			name = "Pacman-InfinitySwiftUI";
			productName = "Pacman-InfinitySwiftUI";
			productReference = 5C22B31725A4C5C2003CC170 /* Pacman-InfinitySwiftUI.app */;
			productType = "com.apple.product-type.application";
		};
/* End PBXNativeTarget section */

/* Begin PBXProject section */
		5C22B30F25A4C5C2003CC170 /* Project object */ = {
			isa = PBXProject;
			attributes = {
				LastSwiftUpdateCheck = 1220;
				LastUpgradeCheck = 1220;
				TargetAttributes = {
					5C22B31625A4C5C2003CC170 = {
						CreatedOnToolsVersion = 12.2;
					};
				};
			};
			buildConfigurationList = 5C22B31225A4C5C2003CC170 /* Build configuration list for PBXProject "Pacman-InfinitySwiftUI" */;
			compatibilityVersion = "Xcode 9.3";
			developmentRegion = en;
			hasScannedForEncodings = 0;
			knownRegions = (
				en,
				Base,
			);
			mainGroup = 5C22B30E25A4C5C2003CC170;
			productRefGroup = 5C22B31825A4C5C2003CC170 /* Products */;
			projectDirPath = "";
			projectRoot = "";
			targets = (
				5C22B31625A4C5C2003CC170 /* Pacman-InfinitySwiftUI */,
			);
		};
/* End PBXProject section */

/* Begin PBXResourcesBuildPhase section */
		5C22B31525A4C5C2003CC170 /* Resources */ = {
			isa = PBXResourcesBuildPhase;
			buildActionMask = 2147483647;
			files = (
				5C22B32225A4C5C3003CC170 /* Preview Assets.xcassets in Resources */,
				5C22B31F25A4C5C3003CC170 /* Assets.xcassets in Resources */,
			);
			runOnlyForDeploymentPostprocessing = 0;
		};
/* End PBXResourcesBuildPhase section */

/* Begin PBXSourcesBuildPhase section */
		5C22B31325A4C5C2003CC170 /* Sources */ = {
			isa = PBXSourcesBuildPhase;
			buildActionMask = 2147483647;
			files = (
				5C22B31D25A4C5C2003CC170 /* ContentView.swift in Sources */,
				5C22B31B25A4C5C2003CC170 /* Pacman_InfinitySwiftUIApp.swift in Sources */,
				5C22B32B25A4C616003CC170 /* PacmanView.swift in Sources */,
			);
			runOnlyForDeploymentPostprocessing = 0;
		};
/* End PBXSourcesBuildPhase section */

/* Begin XCBuildConfiguration section */
		5C22B32425A4C5C3003CC170 /* Debug */ = {
			isa = XCBuildConfiguration;
			buildSettings = {
				ALWAYS_SEARCH_USER_PATHS = NO;
				CLANG_ANALYZER_NONNULL = YES;
				CLANG_ANALYZER_NUMBER_OBJECT_CONVERSION = YES_AGGRESSIVE;
				CLANG_CXX_LANGUAGE_STANDARD = "gnu++14";
				CLANG_CXX_LIBRARY = "libc++";
				CLANG_ENABLE_MODULES = YES;
				CLANG_ENABLE_OBJC_ARC = YES;
				CLANG_ENABLE_OBJC_WEAK = YES;
				CLANG_WARN_BLOCK_CAPTURE_AUTORELEASING = YES;
				CLANG_WARN_BOOL_CONVERSION = YES;
				CLANG_WARN_COMMA = YES;
				CLANG_WARN_CONSTANT_CONVERSION = YES;
				CLANG_WARN_DEPRECATED_OBJC_IMPLEMENTATIONS = YES;
				CLANG_WARN_DIRECT_OBJC_ISA_USAGE = YES_ERROR;
				CLANG_WARN_DOCUMENTATION_COMMENTS = YES;
				CLANG_WARN_EMPTY_BODY = YES;
				CLANG_WARN_ENUM_CONVERSION = YES;
				CLANG_WARN_INFINITE_RECURSION = YES;
				CLANG_WARN_INT_CONVERSION = YES;
				CLANG_WARN_NON_LITERAL_NULL_CONVERSION = YES;
				CLANG_WARN_OBJC_IMPLICIT_RETAIN_SELF = YES;
				CLANG_WARN_OBJC_LITERAL_CONVERSION = YES;
				CLANG_WARN_OBJC_ROOT_CLASS = YES_ERROR;
				CLANG_WARN_QUOTED_INCLUDE_IN_FRAMEWORK_HEADER = YES;
				CLANG_WARN_RANGE_LOOP_ANALYSIS = YES;
				CLANG_WARN_STRICT_PROTOTYPES = YES;
				CLANG_WARN_SUSPICIOUS_MOVE = YES;
				CLANG_WARN_UNGUARDED_AVAILABILITY = YES_AGGRESSIVE;
				CLANG_WARN_UNREACHABLE_CODE = YES;
				CLANG_WARN__DUPLICATE_METHOD_MATCH = YES;
				COPY_PHASE_STRIP = NO;
				DEBUG_INFORMATION_FORMAT = dwarf;
				ENABLE_STRICT_OBJC_MSGSEND = YES;
				ENABLE_TESTABILITY = YES;
				GCC_C_LANGUAGE_STANDARD = gnu11;
				GCC_DYNAMIC_NO_PIC = NO;
				GCC_NO_COMMON_BLOCKS = YES;
				GCC_OPTIMIZATION_LEVEL = 0;
				GCC_PREPROCESSOR_DEFINITIONS = (
					"DEBUG=1",
					"$(inherited)",
				);
				GCC_WARN_64_TO_32_BIT_CONVERSION = YES;
				GCC_WARN_ABOUT_RETURN_TYPE = YES_ERROR;
				GCC_WARN_UNDECLARED_SELECTOR = YES;
				GCC_WARN_UNINITIALIZED_AUTOS = YES_AGGRESSIVE;
				GCC_WARN_UNUSED_FUNCTION = YES;
				GCC_WARN_UNUSED_VARIABLE = YES;
				IPHONEOS_DEPLOYMENT_TARGET = 14.2;
				MTL_ENABLE_DEBUG_INFO = INCLUDE_SOURCE;
				MTL_FAST_MATH = YES;
				ONLY_ACTIVE_ARCH = YES;
				SDKROOT = iphoneos;
				SWIFT_ACTIVE_COMPILATION_CONDITIONS = DEBUG;
				SWIFT_OPTIMIZATION_LEVEL = "-Onone";
			};
			name = Debug;
		};
		5C22B32525A4C5C3003CC170 /* Release */ = {
			isa = XCBuildConfiguration;
			buildSettings = {
				ALWAYS_SEARCH_USER_PATHS = NO;
				CLANG_ANALYZER_NONNULL = YES;
				CLANG_ANALYZER_NUMBER_OBJECT_CONVERSION = YES_AGGRESSIVE;
				CLANG_CXX_LANGUAGE_STANDARD = "gnu++14";
				CLANG_CXX_LIBRARY = "libc++";
				CLANG_ENABLE_MODULES = YES;
				CLANG_ENABLE_OBJC_ARC = YES;
				CLANG_ENABLE_OBJC_WEAK = YES;
				CLANG_WARN_BLOCK_CAPTURE_AUTORELEASING = YES;
				CLANG_WARN_BOOL_CONVERSION = YES;
				CLANG_WARN_COMMA = YES;
				CLANG_WARN_CONSTANT_CONVERSION = YES;
				CLANG_WARN_DEPRECATED_OBJC_IMPLEMENTATIONS = YES;
				CLANG_WARN_DIRECT_OBJC_ISA_USAGE = YES_ERROR;
				CLANG_WARN_DOCUMENTATION_COMMENTS = YES;
				CLANG_WARN_EMPTY_BODY = YES;
				CLANG_WARN_ENUM_CONVERSION = YES;
				CLANG_WARN_INFINITE_RECURSION = YES;
				CLANG_WARN_INT_CONVERSION = YES;
				CLANG_WARN_NON_LITERAL_NULL_CONVERSION = YES;
				CLANG_WARN_OBJC_IMPLICIT_RETAIN_SELF = YES;
				CLANG_WARN_OBJC_LITERAL_CONVERSION = YES;
				CLANG_WARN_OBJC_ROOT_CLASS = YES_ERROR;
				CLANG_WARN_QUOTED_INCLUDE_IN_FRAMEWORK_HEADER = YES;
				CLANG_WARN_RANGE_LOOP_ANALYSIS = YES;
				CLANG_WARN_STRICT_PROTOTYPES = YES;
				CLANG_WARN_SUSPICIOUS_MOVE = YES;
				CLANG_WARN_UNGUARDED_AVAILABILITY = YES_AGGRESSIVE;
				CLANG_WARN_UNREACHABLE_CODE = YES;
				CLANG_WARN__DUPLICATE_METHOD_MATCH = YES;
				COPY_PHASE_STRIP = NO;
				DEBUG_INFORMATION_FORMAT = "dwarf-with-dsym";
				ENABLE_NS_ASSERTIONS = NO;
				ENABLE_STRICT_OBJC_MSGSEND = YES;
				GCC_C_LANGUAGE_STANDARD = gnu11;
				GCC_NO_COMMON_BLOCKS = YES;
				GCC_WARN_64_TO_32_BIT_CONVERSION = YES;
				GCC_WARN_ABOUT_RETURN_TYPE = YES_ERROR;
				GCC_WARN_UNDECLARED_SELECTOR = YES;
				GCC_WARN_UNINITIALIZED_AUTOS = YES_AGGRESSIVE;
				GCC_WARN_UNUSED_FUNCTION = YES;
				GCC_WARN_UNUSED_VARIABLE = YES;
				IPHONEOS_DEPLOYMENT_TARGET = 14.2;
				MTL_ENABLE_DEBUG_INFO = NO;
				MTL_FAST_MATH = YES;
				SDKROOT = iphoneos;
				SWIFT_COMPILATION_MODE = wholemodule;
				SWIFT_OPTIMIZATION_LEVEL = "-O";
				VALIDATE_PRODUCT = YES;
			};
			name = Release;
		};
		5C22B32725A4C5C3003CC170 /* Debug */ = {
			isa = XCBuildConfiguration;
			buildSettings = {
				ASSETCATALOG_COMPILER_APPICON_NAME = AppIcon;
				ASSETCATALOG_COMPILER_GLOBAL_ACCENT_COLOR_NAME = AccentColor;
				CODE_SIGN_STYLE = Automatic;
				DEVELOPMENT_ASSET_PATHS = "\"Pacman-InfinitySwiftUI/Preview Content\"";
				DEVELOPMENT_TEAM = 56ZBSRTSDR;
				ENABLE_PREVIEWS = YES;
				INFOPLIST_FILE = "Pacman-InfinitySwiftUI/Info.plist";
				IPHONEOS_DEPLOYMENT_TARGET = 14.0;
				LD_RUNPATH_SEARCH_PATHS = (
					"$(inherited)",
					"@executable_path/Frameworks",
				);
				PRODUCT_BUNDLE_IDENTIFIER = "com.shreyasvilaschandrabhike.Pacman-InfinitySwiftUI";
				PRODUCT_NAME = "$(TARGET_NAME)";
				SWIFT_VERSION = 5.0;
				TARGETED_DEVICE_FAMILY = "1,2";
			};
			name = Debug;
		};
		5C22B32825A4C5C3003CC170 /* Release */ = {
			isa = XCBuildConfiguration;
			buildSettings = {
				ASSETCATALOG_COMPILER_APPICON_NAME = AppIcon;
				ASSETCATALOG_COMPILER_GLOBAL_ACCENT_COLOR_NAME = AccentColor;
				CODE_SIGN_STYLE = Automatic;
				DEVELOPMENT_ASSET_PATHS = "\"Pacman-InfinitySwiftUI/Preview Content\"";
				DEVELOPMENT_TEAM = 56ZBSRTSDR;
				ENABLE_PREVIEWS = YES;
				INFOPLIST_FILE = "Pacman-InfinitySwiftUI/Info.plist";
				IPHONEOS_DEPLOYMENT_TARGET = 14.0;
				LD_RUNPATH_SEARCH_PATHS = (
					"$(inherited)",
					"@executable_path/Frameworks",
				);
				PRODUCT_BUNDLE_IDENTIFIER = "com.shreyasvilaschandrabhike.Pacman-InfinitySwiftUI";
				PRODUCT_NAME = "$(TARGET_NAME)";
				SWIFT_VERSION = 5.0;
				TARGETED_DEVICE_FAMILY = "1,2";
			};
			name = Release;
		};
/* End XCBuildConfiguration section */

/* Begin XCConfigurationList section */
		5C22B31225A4C5C2003CC170 /* Build configuration list for PBXProject "Pacman-InfinitySwiftUI" */ = {
			isa = XCConfigurationList;
			buildConfigurations = (
				5C22B32425A4C5C3003CC170 /* Debug */,
				5C22B32525A4C5C3003CC170 /* Release */,
			);
			defaultConfigurationIsVisible = 0;
			defaultConfigurationName = Release;
		};
		5C22B32625A4C5C3003CC170 /* Build configuration list for PBXNativeTarget "Pacman-InfinitySwiftUI" */ = {
			isa = XCConfigurationList;
			buildConfigurations = (
				5C22B32725A4C5C3003CC170 /* Debug */,
				5C22B32825A4C5C3003CC170 /* Release */,
			);
			defaultConfigurationIsVisible = 0;
			defaultConfigurationName = Release;
		};
/* End XCConfigurationList section */
	};
	rootObject = 5C22B30F25A4C5C2003CC170 /* Project object */;
}
